
Microsoft Visual Studio Solution File, Format Version 12.00
# Visual Studio Version 17
VisualStudioVersion = 17.4.33103.184
MinimumVisualStudioVersion = 10.0.40219.1
Project("{FAE04EC0-301F-11D3-BF4B-00C04F79EFBC}") = "poc-DayPilot", "poc-DayPilot\poc-DayPilot.csproj", "{6C8C37ED-31AC-4D0B-9EBD-1685F612FF53}"
EndProject
Global
	GlobalSection(SolutionConfigurationPlatforms) = preSolution
		Debug|Any CPU = Debug|Any CPU
		Release|Any CPU = Release|Any CPU
	EndGlobalSection
	GlobalSection(ProjectConfigurationPlatforms) = postSolution
		{6C8C37ED-31AC-4D0B-9EBD-1685F612FF53}.Debug|Any CPU.ActiveCfg = Debug|Any CPU
		{6C8C37ED-31AC-4D0B-9EBD-1685F612FF53}.Debug|Any CPU.Build.0 = Debug|Any CPU
		{6C8C37ED-31AC-4D0B-9EBD-1685F612FF53}.Release|Any CPU.ActiveCfg = Release|Any CPU
		{6C8C37ED-31AC-4D0B-9EBD-1685F612FF53}.Release|Any CPU.Build.0 = Release|Any CPU
	EndGlobalSection
	GlobalSection(SolutionProperties) = preSolution
		HideSolutionNode = FALSE
	EndGlobalSection
	GlobalSection(ExtensibilityGlobals) = postSolution
		SolutionGuid = {7B53DD2F-A04D-4827-8587-2F8719CC3F3E}
	EndGlobalSection
EndGlobal
